// !$*UTF8*$!
{
	archiveVersion = 1;
	classes = {
	};
	objectVersion = 46;
	objects = {

/* Begin PBXBuildFile section */
		2D0129CC1E3799270095C93D /* main.m in Sources */ = {isa = PBXBuildFile; fileRef = 2D0129CB1E3799270095C93D /* main.m */; };
		2D0129CF1E3799270095C93D /* AppDelegate.m in Sources */ = {isa = PBXBuildFile; fileRef = 2D0129CE1E3799270095C93D /* AppDelegate.m */; };
		2D0129D21E3799270095C93D /* ViewController.m in Sources */ = {isa = PBXBuildFile; fileRef = 2D0129D11E3799270095C93D /* ViewController.m */; };
		2D0129D51E3799270095C93D /* Main.storyboard in Resources */ = {isa = PBXBuildFile; fileRef = 2D0129D31E3799270095C93D /* Main.storyboard */; };
		2D0129D71E3799270095C93D /* Assets.xcassets in Resources */ = {isa = PBXBuildFile; fileRef = 2D0129D61E3799270095C93D /* Assets.xcassets */; };
		2D0129DA1E3799270095C93D /* LaunchScreen.storyboard in Resources */ = {isa = PBXBuildFile; fileRef = 2D0129D81E3799270095C93D /* LaunchScreen.storyboard */; };
		2D0129E51E3799270095C93D /* CrossPlatformLibTestTests.m in Sources */ = {isa = PBXBuildFile; fileRef = 2D0129E41E3799270095C93D /* CrossPlatformLibTestTests.m */; };
/* End PBXBuildFile section */

/* Begin PBXContainerItemProxy section */
		2D0129E11E3799270095C93D /* PBXContainerItemProxy */ = {
			isa = PBXContainerItemProxy;
			containerPortal = 2D0129BF1E3799270095C93D /* Project object */;
			proxyType = 1;
			remoteGlobalIDString = 2D0129C61E3799270095C93D;
			remoteInfo = CrossPlatformLibTest;
		};
/* End PBXContainerItemProxy section */

/* Begin PBXFileReference section */
		2D0129C71E3799270095C93D /* CrossPlatformLibTest.app */ = {isa = PBXFileReference; explicitFileType = wrapper.application; includeInIndex = 0; path = CrossPlatformLibTest.app; sourceTree = BUILT_PRODUCTS_DIR; };
		2D0129CB1E3799270095C93D /* main.m */ = {isa = PBXFileReference; lastKnownFileType = sourcecode.c.objc; path = main.m; sourceTree = "<group>"; };
		2D0129CD1E3799270095C93D /* AppDelegate.h */ = {isa = PBXFileReference; lastKnownFileType = sourcecode.c.h; path = AppDelegate.h; sourceTree = "<group>"; };
		2D0129CE1E3799270095C93D /* AppDelegate.m */ = {isa = PBXFileReference; lastKnownFileType = sourcecode.c.objc; path = AppDelegate.m; sourceTree = "<group>"; };
		2D0129D01E3799270095C93D /* ViewController.h */ = {isa = PBXFileReference; lastKnownFileType = sourcecode.c.h; path = ViewController.h; sourceTree = "<group>"; };
		2D0129D11E3799270095C93D /* ViewController.m */ = {isa = PBXFileReference; lastKnownFileType = sourcecode.c.objc; path = ViewController.m; sourceTree = "<group>"; };
		2D0129D41E3799270095C93D /* Base */ = {isa = PBXFileReference; lastKnownFileType = file.storyboard; name = Base; path = Base.lproj/Main.storyboard; sourceTree = "<group>"; };
		2D0129D61E3799270095C93D /* Assets.xcassets */ = {isa = PBXFileReference; lastKnownFileType = folder.assetcatalog; path = Assets.xcassets; sourceTree = "<group>"; };
		2D0129D91E3799270095C93D /* Base */ = {isa = PBXFileReference; lastKnownFileType = file.storyboard; name = Base; path = Base.lproj/LaunchScreen.storyboard; sourceTree = "<group>"; };
		2D0129DB1E3799270095C93D /* Info.plist */ = {isa = PBXFileReference; lastKnownFileType = text.plist.xml; path = Info.plist; sourceTree = "<group>"; };
		2D0129E01E3799270095C93D /* CrossPlatformLibTestTests.xctest */ = {isa = PBXFileReference; explicitFileType = wrapper.cfbundle; includeInIndex = 0; path = CrossPlatformLibTestTests.xctest; sourceTree = BUILT_PRODUCTS_DIR; };
		2D0129E41E3799270095C93D /* CrossPlatformLibTestTests.m */ = {isa = PBXFileReference; lastKnownFileType = sourcecode.c.objc; path = CrossPlatformLibTestTests.m; sourceTree = "<group>"; };
		2D0129E61E3799270095C93D /* Info.plist */ = {isa = PBXFileReference; lastKnownFileType = text.plist.xml; path = Info.plist; sourceTree = "<group>"; };
/* End PBXFileReference section */

/* Begin PBXFrameworksBuildPhase section */
		2D0129C41E3799270095C93D /* Frameworks */ = {
			isa = PBXFrameworksBuildPhase;
			buildActionMask = 2147483647;
			files = (
			);
			runOnlyForDeploymentPostprocessing = 0;
		};
		2D0129DD1E3799270095C93D /* Frameworks */ = {
			isa = PBXFrameworksBuildPhase;
			buildActionMask = 2147483647;
			files = (
			);
			runOnlyForDeploymentPostprocessing = 0;
		};
/* End PBXFrameworksBuildPhase section */

/* Begin PBXGroup section */
		2D0129BE1E3799270095C93D = {
			isa = PBXGroup;
			children = (
				2D0129C91E3799270095C93D /* CrossPlatformLibTest */,
				2D0129E31E3799270095C93D /* CrossPlatformLibTestTests */,
				2D0129C81E3799270095C93D /* Products */,
			);
			sourceTree = "<group>";
		};
		2D0129C81E3799270095C93D /* Products */ = {
			isa = PBXGroup;
			children = (
				2D0129C71E3799270095C93D /* CrossPlatformLibTest.app */,
				2D0129E01E3799270095C93D /* CrossPlatformLibTestTests.xctest */,
			);
			name = Products;
			sourceTree = "<group>";
		};
		2D0129C91E3799270095C93D /* CrossPlatformLibTest */ = {
			isa = PBXGroup;
			children = (
				2D0129CD1E3799270095C93D /* AppDelegate.h */,
				2D0129CE1E3799270095C93D /* AppDelegate.m */,
				2D0129D01E3799270095C93D /* ViewController.h */,
				2D0129D11E3799270095C93D /* ViewController.m */,
				2D0129D31E3799270095C93D /* Main.storyboard */,
				2D0129D61E3799270095C93D /* Assets.xcassets */,
				2D0129D81E3799270095C93D /* LaunchScreen.storyboard */,
				2D0129DB1E3799270095C93D /* Info.plist */,
				2D0129CA1E3799270095C93D /* Supporting Files */,
			);
			path = CrossPlatformLibTest;
			sourceTree = "<group>";
		};
		2D0129CA1E3799270095C93D /* Supporting Files */ = {
			isa = PBXGroup;
			children = (
				2D0129CB1E3799270095C93D /* main.m */,
			);
			name = "Supporting Files";
			sourceTree = "<group>";
		};
		2D0129E31E3799270095C93D /* CrossPlatformLibTestTests */ = {
			isa = PBXGroup;
			children = (
				2D0129E41E3799270095C93D /* CrossPlatformLibTestTests.m */,
				2D0129E61E3799270095C93D /* Info.plist */,
			);
			path = CrossPlatformLibTestTests;
			sourceTree = "<group>";
		};
/* End PBXGroup section */

/* Begin PBXNativeTarget section */
		2D0129C61E3799270095C93D /* CrossPlatformLibTest */ = {
			isa = PBXNativeTarget;
			buildConfigurationList = 2D0129E91E3799270095C93D /* Build configuration list for PBXNativeTarget "CrossPlatformLibTest" */;
			buildPhases = (
				2D0129C31E3799270095C93D /* Sources */,
				2D0129C41E3799270095C93D /* Frameworks */,
				2D0129C51E3799270095C93D /* Resources */,
			);
			buildRules = (
			);
			dependencies = (
			);
			name = CrossPlatformLibTest;
			productName = CrossPlatformLibTest;
			productReference = 2D0129C71E3799270095C93D /* CrossPlatformLibTest.app */;
			productType = "com.apple.product-type.application";
		};
		2D0129DF1E3799270095C93D /* CrossPlatformLibTestTests */ = {
			isa = PBXNativeTarget;
			buildConfigurationList = 2D0129EC1E3799270095C93D /* Build configuration list for PBXNativeTarget "CrossPlatformLibTestTests" */;
			buildPhases = (
				2D0129DC1E3799270095C93D /* Sources */,
				2D0129DD1E3799270095C93D /* Frameworks */,
				2D0129DE1E3799270095C93D /* Resources */,
			);
			buildRules = (
			);
			dependencies = (
				2D0129E21E3799270095C93D /* PBXTargetDependency */,
			);
			name = CrossPlatformLibTestTests;
			productName = CrossPlatformLibTestTests;
			productReference = 2D0129E01E3799270095C93D /* CrossPlatformLibTestTests.xctest */;
			productType = "com.apple.product-type.bundle.unit-test";
		};
/* End PBXNativeTarget section */

/* Begin PBXProject section */
		2D0129BF1E3799270095C93D /* Project object */ = {
			isa = PBXProject;
			attributes = {
				LastUpgradeCheck = 0820;
				ORGANIZATIONNAME = "Matt Morgis";
				TargetAttributes = {
					2D0129C61E3799270095C93D = {
						CreatedOnToolsVersion = 8.2.1;
						ProvisioningStyle = Automatic;
					};
					2D0129DF1E3799270095C93D = {
						CreatedOnToolsVersion = 8.2.1;
						ProvisioningStyle = Automatic;
						TestTargetID = 2D0129C61E3799270095C93D;
					};
				};
			};
			buildConfigurationList = 2D0129C21E3799270095C93D /* Build configuration list for PBXProject "CrossPlatformLibTest" */;
			compatibilityVersion = "Xcode 3.2";
			developmentRegion = English;
			hasScannedForEncodings = 0;
			knownRegions = (
				en,
				Base,
			);
			mainGroup = 2D0129BE1E3799270095C93D;
			productRefGroup = 2D0129C81E3799270095C93D /* Products */;
			projectDirPath = "";
			projectRoot = "";
			targets = (
				2D0129C61E3799270095C93D /* CrossPlatformLibTest */,
				2D0129DF1E3799270095C93D /* CrossPlatformLibTestTests */,
			);
		};
/* End PBXProject section */

/* Begin PBXResourcesBuildPhase section */
		2D0129C51E3799270095C93D /* Resources */ = {
			isa = PBXResourcesBuildPhase;
			buildActionMask = 2147483647;
			files = (
				2D0129DA1E3799270095C93D /* LaunchScreen.storyboard in Resources */,
				2D0129D71E3799270095C93D /* Assets.xcassets in Resources */,
				2D0129D51E3799270095C93D /* Main.storyboard in Resources */,
			);
			runOnlyForDeploymentPostprocessing = 0;
		};
		2D0129DE1E3799270095C93D /* Resources */ = {
			isa = PBXResourcesBuildPhase;
			buildActionMask = 2147483647;
			files = (
			);
			runOnlyForDeploymentPostprocessing = 0;
		};
/* End PBXResourcesBuildPhase section */

/* Begin PBXSourcesBuildPhase section */
		2D0129C31E3799270095C93D /* Sources */ = {
			isa = PBXSourcesBuildPhase;
			buildActionMask = 2147483647;
			files = (
				2D0129D21E3799270095C93D /* ViewController.m in Sources */,
				2D0129CF1E3799270095C93D /* AppDelegate.m in Sources */,
				2D0129CC1E3799270095C93D /* main.m in Sources */,
			);
			runOnlyForDeploymentPostprocessing = 0;
		};
		2D0129DC1E3799270095C93D /* Sources */ = {
			isa = PBXSourcesBuildPhase;
			buildActionMask = 2147483647;
			files = (
				2D0129E51E3799270095C93D /* CrossPlatformLibTestTests.m in Sources */,
			);
			runOnlyForDeploymentPostprocessing = 0;
		};
/* End PBXSourcesBuildPhase section */

/* Begin PBXTargetDependency section */
		2D0129E21E3799270095C93D /* PBXTargetDependency */ = {
			isa = PBXTargetDependency;
			target = 2D0129C61E3799270095C93D /* CrossPlatformLibTest */;
			targetProxy = 2D0129E11E3799270095C93D /* PBXContainerItemProxy */;
		};
/* End PBXTargetDependency section */

/* Begin PBXVariantGroup section */
		2D0129D31E3799270095C93D /* Main.storyboard */ = {
			isa = PBXVariantGroup;
			children = (
				2D0129D41E3799270095C93D /* Base */,
			);
			name = Main.storyboard;
			sourceTree = "<group>";
		};
		2D0129D81E3799270095C93D /* LaunchScreen.storyboard */ = {
			isa = PBXVariantGroup;
			children = (
				2D0129D91E3799270095C93D /* Base */,
			);
			name = LaunchScreen.storyboard;
			sourceTree = "<group>";
		};
/* End PBXVariantGroup section */

/* Begin XCBuildConfiguration section */
		2D0129E71E3799270095C93D /* Debug */ = {
			isa = XCBuildConfiguration;
			buildSettings = {
				ALWAYS_SEARCH_USER_PATHS = NO;
				CLANG_ANALYZER_NONNULL = YES;
				CLANG_CXX_LANGUAGE_STANDARD = "gnu++0x";
				CLANG_CXX_LIBRARY = "libc++";
				CLANG_ENABLE_MODULES = YES;
				CLANG_ENABLE_OBJC_ARC = YES;
				CLANG_WARN_BOOL_CONVERSION = YES;
				CLANG_WARN_CONSTANT_CONVERSION = YES;
				CLANG_WARN_DIRECT_OBJC_ISA_USAGE = YES_ERROR;
				CLANG_WARN_DOCUMENTATION_COMMENTS = YES;
				CLANG_WARN_EMPTY_BODY = YES;
				CLANG_WARN_ENUM_CONVERSION = YES;
				CLANG_WARN_INFINITE_RECURSION = YES;
				CLANG_WARN_INT_CONVERSION = YES;
				CLANG_WARN_OBJC_ROOT_CLASS = YES_ERROR;
				CLANG_WARN_SUSPICIOUS_MOVE = YES;
				CLANG_WARN_UNREACHABLE_CODE = YES;
				CLANG_WARN__DUPLICATE_METHOD_MATCH = YES;
				"CODE_SIGN_IDENTITY[sdk=iphoneos*]" = "iPhone Developer";
				COPY_PHASE_STRIP = NO;
				DEBUG_INFORMATION_FORMAT = dwarf;
				ENABLE_STRICT_OBJC_MSGSEND = YES;
				ENABLE_TESTABILITY = YES;
				GCC_C_LANGUAGE_STANDARD = gnu99;
				GCC_DYNAMIC_NO_PIC = NO;
				GCC_NO_COMMON_BLOCKS = YES;
				GCC_OPTIMIZATION_LEVEL = 0;
				GCC_PREPROCESSOR_DEFINITIONS = (
					"DEBUG=1",
					"$(inherited)",
				);
				GCC_WARN_64_TO_32_BIT_CONVERSION = YES;
				GCC_WARN_ABOUT_RETURN_TYPE = YES_ERROR;
				GCC_WARN_UNDECLARED_SELECTOR = YES;
				GCC_WARN_UNINITIALIZED_AUTOS = YES_AGGRESSIVE;
				GCC_WARN_UNUSED_FUNCTION = YES;
				GCC_WARN_UNUSED_VARIABLE = YES;
				IPHONEOS_DEPLOYMENT_TARGET = 10.2;
				MTL_ENABLE_DEBUG_INFO = YES;
				ONLY_ACTIVE_ARCH = YES;
				SDKROOT = iphoneos;
				TARGETED_DEVICE_FAMILY = "1,2";
			};
			name = Debug;
		};
		2D0129E81E3799270095C93D /* Release */ = {
			isa = XCBuildConfiguration;
			buildSettings = {
				ALWAYS_SEARCH_USER_PATHS = NO;
				CLANG_ANALYZER_NONNULL = YES;
				CLANG_CXX_LANGUAGE_STANDARD = "gnu++0x";
				CLANG_CXX_LIBRARY = "libc++";
				CLANG_ENABLE_MODULES = YES;
				CLANG_ENABLE_OBJC_ARC = YES;
				CLANG_WARN_BOOL_CONVERSION = YES;
				CLANG_WARN_CONSTANT_CONVERSION = YES;
				CLANG_WARN_DIRECT_OBJC_ISA_USAGE = YES_ERROR;
				CLANG_WARN_DOCUMENTATION_COMMENTS = YES;
				CLANG_WARN_EMPTY_BODY = YES;
				CLANG_WARN_ENUM_CONVERSION = YES;
				CLANG_WARN_INFINITE_RECURSION = YES;
				CLANG_WARN_INT_CONVERSION = YES;
				CLANG_WARN_OBJC_ROOT_CLASS = YES_ERROR;
				CLANG_WARN_SUSPICIOUS_MOVE = YES;
				CLANG_WARN_UNREACHABLE_CODE = YES;
				CLANG_WARN__DUPLICATE_METHOD_MATCH = YES;
				"CODE_SIGN_IDENTITY[sdk=iphoneos*]" = "iPhone Developer";
				COPY_PHASE_STRIP = NO;
				DEBUG_INFORMATION_FORMAT = "dwarf-with-dsym";
				ENABLE_NS_ASSERTIONS = NO;
				ENABLE_STRICT_OBJC_MSGSEND = YES;
				GCC_C_LANGUAGE_STANDARD = gnu99;
				GCC_NO_COMMON_BLOCKS = YES;
				GCC_WARN_64_TO_32_BIT_CONVERSION = YES;
				GCC_WARN_ABOUT_RETURN_TYPE = YES_ERROR;
				GCC_WARN_UNDECLARED_SELECTOR = YES;
				GCC_WARN_UNINITIALIZED_AUTOS = YES_AGGRESSIVE;
				GCC_WARN_UNUSED_FUNCTION = YES;
				GCC_WARN_UNUSED_VARIABLE = YES;
				IPHONEOS_DEPLOYMENT_TARGET = 10.2;
				MTL_ENABLE_DEBUG_INFO = NO;
				SDKROOT = iphoneos;
				TARGETED_DEVICE_FAMILY = "1,2";
				VALIDATE_PRODUCT = YES;
			};
			name = Release;
		};
		2D0129EA1E3799270095C93D /* Debug */ = {
			isa = XCBuildConfiguration;
			buildSettings = {
				ASSETCATALOG_COMPILER_APPICON_NAME = AppIcon;
				INFOPLIST_FILE = CrossPlatformLibTest/Info.plist;
				LD_RUNPATH_SEARCH_PATHS = "$(inherited) @executable_path/Frameworks";
				PRODUCT_BUNDLE_IDENTIFIER = com.mattmorgis.CrossPlatformLibTest;
				PRODUCT_NAME = "$(TARGET_NAME)";
			};
			name = Debug;
		};
		2D0129EB1E3799270095C93D /* Release */ = {
			isa = XCBuildConfiguration;
			buildSettings = {
				ASSETCATALOG_COMPILER_APPICON_NAME = AppIcon;
				INFOPLIST_FILE = CrossPlatformLibTest/Info.plist;
				LD_RUNPATH_SEARCH_PATHS = "$(inherited) @executable_path/Frameworks";
				PRODUCT_BUNDLE_IDENTIFIER = com.mattmorgis.CrossPlatformLibTest;
				PRODUCT_NAME = "$(TARGET_NAME)";
			};
			name = Release;
		};
		2D0129ED1E3799270095C93D /* Debug */ = {
			isa = XCBuildConfiguration;
			buildSettings = {
				BUNDLE_LOADER = "$(TEST_HOST)";
				INFOPLIST_FILE = CrossPlatformLibTestTests/Info.plist;
				LD_RUNPATH_SEARCH_PATHS = "$(inherited) @executable_path/Frameworks @loader_path/Frameworks";
				PRODUCT_BUNDLE_IDENTIFIER = com.mattmorgis.CrossPlatformLibTestTests;
				PRODUCT_NAME = "$(TARGET_NAME)";
				TEST_HOST = "$(BUILT_PRODUCTS_DIR)/CrossPlatformLibTest.app/CrossPlatformLibTest";
			};
			name = Debug;
		};
		2D0129EE1E3799270095C93D /* Release */ = {
			isa = XCBuildConfiguration;
			buildSettings = {
				BUNDLE_LOADER = "$(TEST_HOST)";
				INFOPLIST_FILE = CrossPlatformLibTestTests/Info.plist;
				LD_RUNPATH_SEARCH_PATHS = "$(inherited) @executable_path/Frameworks @loader_path/Frameworks";
				PRODUCT_BUNDLE_IDENTIFIER = com.mattmorgis.CrossPlatformLibTestTests;
				PRODUCT_NAME = "$(TARGET_NAME)";
				TEST_HOST = "$(BUILT_PRODUCTS_DIR)/CrossPlatformLibTest.app/CrossPlatformLibTest";
			};
			name = Release;
		};
/* End XCBuildConfiguration section */

/* Begin XCConfigurationList section */
		2D0129C21E3799270095C93D /* Build configuration list for PBXProject "CrossPlatformLibTest" */ = {
			isa = XCConfigurationList;
			buildConfigurations = (
				2D0129E71E3799270095C93D /* Debug */,
				2D0129E81E3799270095C93D /* Release */,
			);
			defaultConfigurationIsVisible = 0;
			defaultConfigurationName = Release;
		};
		2D0129E91E3799270095C93D /* Build configuration list for PBXNativeTarget "CrossPlatformLibTest" */ = {
			isa = XCConfigurationList;
			buildConfigurations = (
				2D0129EA1E3799270095C93D /* Debug */,
				2D0129EB1E3799270095C93D /* Release */,
			);
			defaultConfigurationIsVisible = 0;
		};
		2D0129EC1E3799270095C93D /* Build configuration list for PBXNativeTarget "CrossPlatformLibTestTests" */ = {
			isa = XCConfigurationList;
			buildConfigurations = (
				2D0129ED1E3799270095C93D /* Debug */,
				2D0129EE1E3799270095C93D /* Release */,
			);
			defaultConfigurationIsVisible = 0;
		};
/* End XCConfigurationList section */
	};
	rootObject = 2D0129BF1E3799270095C93D /* Project object */;
}
